PODS:
  - Alamofire (4.0.1)
  - ImageLoader (0.11.0)
  - SwiftyJSON (3.1.1)
  - SWXMLHash (3.0.2)

DEPENDENCIES:
  - Alamofire (~> 4.0)
  - ImageLoader
  - SwiftyJSON
  - SWXMLHash (~> 3.0.0)

SPEC CHECKSUMS:
  Alamofire: 7682d43245de14874acd142ec137b144aa1dd335
  ImageLoader: fa8da359bbbb2337a41510486ab0b5ea7dbfab4c
  SwiftyJSON: f0be2e604f83e8405a624e9f891898bf6ed4e019
  SWXMLHash: e0f6935971f01b06fb228cf435510d998ecde647

PODFILE CHECKSUM: 703ece3d579479da4330f6f56238d0b0fcb721a8

COCOAPODS: 1.0.1
